
Microsoft Visual Studio Solution File, Format Version 12.00
# Visual Studio Version 16
VisualStudioVersion = 16.0.32126.315
MinimumVisualStudioVersion = 10.0.40219.1
Project("{9A19103F-16F7-4668-BE54-9A1E7A4F7556}") = "ToDo-Mvc-App", "ToDo-Mvc-App\ToDo-Mvc-App.csproj", "{47D05689-E377-4FFF-AF32-381467108709}"
EndProject
Project("{FAE04EC0-301F-11D3-BF4B-00C04F79EFBC}") = "ToDo-API", "ToDo-API\ToDo-API.csproj", "{82A016F8-E2F6-4C21-B4CC-3035DA056D7D}"
EndProject
Global
	GlobalSection(SolutionConfigurationPlatforms) = preSolution
		Debug|Any CPU = Debug|Any CPU
		Release|Any CPU = Release|Any CPU
	EndGlobalSection
	GlobalSection(ProjectConfigurationPlatforms) = postSolution
		{47D05689-E377-4FFF-AF32-381467108709}.Debug|Any CPU.ActiveCfg = Debug|Any CPU
		{47D05689-E377-4FFF-AF32-381467108709}.Debug|Any CPU.Build.0 = Debug|Any CPU
		{47D05689-E377-4FFF-AF32-381467108709}.Release|Any CPU.ActiveCfg = Release|Any CPU
		{47D05689-E377-4FFF-AF32-381467108709}.Release|Any CPU.Build.0 = Release|Any CPU
		{82A016F8-E2F6-4C21-B4CC-3035DA056D7D}.Debug|Any CPU.ActiveCfg = Debug|Any CPU
		{82A016F8-E2F6-4C21-B4CC-3035DA056D7D}.Debug|Any CPU.Build.0 = Debug|Any CPU
		{82A016F8-E2F6-4C21-B4CC-3035DA056D7D}.Release|Any CPU.ActiveCfg = Release|Any CPU
		{82A016F8-E2F6-4C21-B4CC-3035DA056D7D}.Release|Any CPU.Build.0 = Release|Any CPU
	EndGlobalSection
	GlobalSection(SolutionProperties) = preSolution
		HideSolutionNode = FALSE
	EndGlobalSection
	GlobalSection(ExtensibilityGlobals) = postSolution
		SolutionGuid = {5703403B-B156-48AC-92A4-9BE6D9D08FEC}
	EndGlobalSection
EndGlobal
